{
  "name": "markdownparserbykenvit",
  "version": "1.0.0",
  "lockfileVersion": 3,
  "requires": true,
  "packages": {
    "": {
      "name": "markdownparserbykenvit",
      "version": "1.0.0",
      "license": "MIT",
      "dependencies": {
        "markdownparserbykenvit": "^1.0.0"
      }
    },
    "node_modules/markdownparserbykenvit": {
      "version": "1.0.0",
      "resolved": "https://registry.npmjs.org/markdownparserbykenvit/-/markdownparserbykenvit-1.0.0.tgz",
      "integrity": "sha512-D8Zv5d7KvSxYhATQhhLwMHQHPn/nBqZgBz/VIGKu2XYS9oLTVz5QnpQgaOk37Qnf49Kuc8oRIGrCw/KPCogUNA=="
    }
  }
}
